
Microsoft Visual Studio Solution File, Format Version 12.00
# Visual Studio Version 17
VisualStudioVersion = 17.10.35013.160
MinimumVisualStudioVersion = 10.0.40219.1
Project("{8BC9CEB8-8B4A-11D0-8D11-00A0C91BC942}") = "twilight", "twilight\twilight.vcxproj", "{B55A63D2-7B1C-4B06-B8D2-B78D82647FDB}"
EndProject
Project("{54A90642-561A-4BB1-A94E-469ADEE60C69}") = "twilight-hammer", "twilight-hammer\twilight-hammer.esproj", "{866F4AB9-D3E6-4116-ACC9-7D166D2091F7}"
EndProject
Global
	GlobalSection(SolutionConfigurationPlatforms) = preSolution
		Debug|Any CPU = Debug|Any CPU
		Debug|x64 = Debug|x64
		Debug|x86 = Debug|x86
		Release|Any CPU = Release|Any CPU
		Release|x64 = Release|x64
		Release|x86 = Release|x86
	EndGlobalSection
	GlobalSection(ProjectConfigurationPlatforms) = postSolution
		{B55A63D2-7B1C-4B06-B8D2-B78D82647FDB}.Debug|Any CPU.ActiveCfg = Debug|x64
		{B55A63D2-7B1C-4B06-B8D2-B78D82647FDB}.Debug|Any CPU.Build.0 = Debug|x64
		{B55A63D2-7B1C-4B06-B8D2-B78D82647FDB}.Debug|x64.ActiveCfg = Debug|x64
		{B55A63D2-7B1C-4B06-B8D2-B78D82647FDB}.Debug|x64.Build.0 = Debug|x64
		{B55A63D2-7B1C-4B06-B8D2-B78D82647FDB}.Debug|x86.ActiveCfg = Debug|Win32
		{B55A63D2-7B1C-4B06-B8D2-B78D82647FDB}.Debug|x86.Build.0 = Debug|Win32
		{B55A63D2-7B1C-4B06-B8D2-B78D82647FDB}.Release|Any CPU.ActiveCfg = Release|x64
		{B55A63D2-7B1C-4B06-B8D2-B78D82647FDB}.Release|Any CPU.Build.0 = Release|x64
		{B55A63D2-7B1C-4B06-B8D2-B78D82647FDB}.Release|x64.ActiveCfg = Release|x64
		{B55A63D2-7B1C-4B06-B8D2-B78D82647FDB}.Release|x64.Build.0 = Release|x64
		{B55A63D2-7B1C-4B06-B8D2-B78D82647FDB}.Release|x86.ActiveCfg = Release|Win32
		{B55A63D2-7B1C-4B06-B8D2-B78D82647FDB}.Release|x86.Build.0 = Release|Win32
		{866F4AB9-D3E6-4116-ACC9-7D166D2091F7}.Debug|Any CPU.ActiveCfg = Debug|Any CPU
		{866F4AB9-D3E6-4116-ACC9-7D166D2091F7}.Debug|Any CPU.Build.0 = Debug|Any CPU
		{866F4AB9-D3E6-4116-ACC9-7D166D2091F7}.Debug|Any CPU.Deploy.0 = Debug|Any CPU
		{866F4AB9-D3E6-4116-ACC9-7D166D2091F7}.Debug|x64.ActiveCfg = Debug|Any CPU
		{866F4AB9-D3E6-4116-ACC9-7D166D2091F7}.Debug|x64.Build.0 = Debug|Any CPU
		{866F4AB9-D3E6-4116-ACC9-7D166D2091F7}.Debug|x64.Deploy.0 = Debug|Any CPU
		{866F4AB9-D3E6-4116-ACC9-7D166D2091F7}.Debug|x86.ActiveCfg = Debug|Any CPU
		{866F4AB9-D3E6-4116-ACC9-7D166D2091F7}.Debug|x86.Build.0 = Debug|Any CPU
		{866F4AB9-D3E6-4116-ACC9-7D166D2091F7}.Debug|x86.Deploy.0 = Debug|Any CPU
		{866F4AB9-D3E6-4116-ACC9-7D166D2091F7}.Release|Any CPU.ActiveCfg = Release|Any CPU
		{866F4AB9-D3E6-4116-ACC9-7D166D2091F7}.Release|Any CPU.Build.0 = Release|Any CPU
		{866F4AB9-D3E6-4116-ACC9-7D166D2091F7}.Release|Any CPU.Deploy.0 = Release|Any CPU
		{866F4AB9-D3E6-4116-ACC9-7D166D2091F7}.Release|x64.ActiveCfg = Release|Any CPU
		{866F4AB9-D3E6-4116-ACC9-7D166D2091F7}.Release|x64.Build.0 = Release|Any CPU
		{866F4AB9-D3E6-4116-ACC9-7D166D2091F7}.Release|x64.Deploy.0 = Release|Any CPU
		{866F4AB9-D3E6-4116-ACC9-7D166D2091F7}.Release|x86.ActiveCfg = Release|Any CPU
		{866F4AB9-D3E6-4116-ACC9-7D166D2091F7}.Release|x86.Build.0 = Release|Any CPU
		{866F4AB9-D3E6-4116-ACC9-7D166D2091F7}.Release|x86.Deploy.0 = Release|Any CPU
	EndGlobalSection
	GlobalSection(SolutionProperties) = preSolution
		HideSolutionNode = FALSE
	EndGlobalSection
	GlobalSection(ExtensibilityGlobals) = postSolution
		SolutionGuid = {F15847DD-5C51-4CEA-B072-A27BF1F7A7ED}
	EndGlobalSection
EndGlobal
